// !$*UTF8*$!
{
	archiveVersion = 1;
	classes = {
	};
	objectVersion = 56;
	objects = {

/* Begin PBXBuildFile section */
		9995429629275D9500B0C000 /* CitiesListVCExtension.swift in Sources */ = {isa = PBXBuildFile; fileRef = 9995429529275D9500B0C000 /* CitiesListVCExtension.swift */; };
		999542982927839B00B0C000 /* TabBarController.swift in Sources */ = {isa = PBXBuildFile; fileRef = 999542972927839B00B0C000 /* TabBarController.swift */; };
		9995429A2927BE2000B0C000 /* Enums.swift in Sources */ = {isa = PBXBuildFile; fileRef = 999542992927BE2000B0C000 /* Enums.swift */; };
		9995429C2927BE6A00B0C000 /* CitySettingsVC.swift in Sources */ = {isa = PBXBuildFile; fileRef = 9995429B2927BE6A00B0C000 /* CitySettingsVC.swift */; };
		999542A12927BEEA00B0C000 /* CitySettingsVCExtension.swift in Sources */ = {isa = PBXBuildFile; fileRef = 999542A02927BEEA00B0C000 /* CitySettingsVCExtension.swift */; };
		999542A32927BF3300B0C000 /* CitySettingsCell.swift in Sources */ = {isa = PBXBuildFile; fileRef = 999542A22927BF3300B0C000 /* CitySettingsCell.swift */; };
		99A0F0DB292BB3B60021D464 /* AddMenuVC.swift in Sources */ = {isa = PBXBuildFile; fileRef = 99A0F0DA292BB3B60021D464 /* AddMenuVC.swift */; };
		99AC9A16292368D4009CCE40 /* AppDelegate.swift in Sources */ = {isa = PBXBuildFile; fileRef = 99AC9A15292368D4009CCE40 /* AppDelegate.swift */; };
		99AC9A18292368D4009CCE40 /* SceneDelegate.swift in Sources */ = {isa = PBXBuildFile; fileRef = 99AC9A17292368D4009CCE40 /* SceneDelegate.swift */; };
		99AC9A1D292368D4009CCE40 /* Main.storyboard in Resources */ = {isa = PBXBuildFile; fileRef = 99AC9A1B292368D4009CCE40 /* Main.storyboard */; };
		99AC9A20292368D4009CCE40 /* DataModel.xcdatamodeld in Sources */ = {isa = PBXBuildFile; fileRef = 99AC9A1E292368D4009CCE40 /* DataModel.xcdatamodeld */; };
		99AC9A22292368D4009CCE40 /* Assets.xcassets in Resources */ = {isa = PBXBuildFile; fileRef = 99AC9A21292368D4009CCE40 /* Assets.xcassets */; };
		99AC9A25292368D4009CCE40 /* LaunchScreen.storyboard in Resources */ = {isa = PBXBuildFile; fileRef = 99AC9A23292368D4009CCE40 /* LaunchScreen.storyboard */; };
		99AC9A3629238000009CCE40 /* CitiesListViewController.swift in Sources */ = {isa = PBXBuildFile; fileRef = 99AC9A3529238000009CCE40 /* CitiesListViewController.swift */; };
		99C15A85292662E9006807B3 /* SeasonTab.swift in Sources */ = {isa = PBXBuildFile; fileRef = 99C15A84292662E9006807B3 /* SeasonTab.swift */; };
/* End PBXBuildFile section */

/* Begin PBXFileReference section */
		9995429529275D9500B0C000 /* CitiesListVCExtension.swift */ = {isa = PBXFileReference; lastKnownFileType = sourcecode.swift; name = CitiesListVCExtension.swift; path = CitiesList/CitiesListVCExtension.swift; sourceTree = SOURCE_ROOT; };
		999542972927839B00B0C000 /* TabBarController.swift */ = {isa = PBXFileReference; lastKnownFileType = sourcecode.swift; path = TabBarController.swift; sourceTree = "<group>"; };
		999542992927BE2000B0C000 /* Enums.swift */ = {isa = PBXFileReference; lastKnownFileType = sourcecode.swift; path = Enums.swift; sourceTree = "<group>"; };
		9995429B2927BE6A00B0C000 /* CitySettingsVC.swift */ = {isa = PBXFileReference; lastKnownFileType = sourcecode.swift; path = CitySettingsVC.swift; sourceTree = "<group>"; };
		999542A02927BEEA00B0C000 /* CitySettingsVCExtension.swift */ = {isa = PBXFileReference; lastKnownFileType = sourcecode.swift; path = CitySettingsVCExtension.swift; sourceTree = "<group>"; };
		999542A22927BF3300B0C000 /* CitySettingsCell.swift */ = {isa = PBXFileReference; lastKnownFileType = sourcecode.swift; path = CitySettingsCell.swift; sourceTree = "<group>"; };
		99A0F0DA292BB3B60021D464 /* AddMenuVC.swift */ = {isa = PBXFileReference; lastKnownFileType = sourcecode.swift; path = AddMenuVC.swift; sourceTree = "<group>"; };
		99AC9A12292368D4009CCE40 /* WeatherApp.app */ = {isa = PBXFileReference; explicitFileType = wrapper.application; includeInIndex = 0; path = WeatherApp.app; sourceTree = BUILT_PRODUCTS_DIR; };
		99AC9A15292368D4009CCE40 /* AppDelegate.swift */ = {isa = PBXFileReference; lastKnownFileType = sourcecode.swift; path = AppDelegate.swift; sourceTree = "<group>"; };
		99AC9A17292368D4009CCE40 /* SceneDelegate.swift */ = {isa = PBXFileReference; lastKnownFileType = sourcecode.swift; path = SceneDelegate.swift; sourceTree = "<group>"; };
		99AC9A1C292368D4009CCE40 /* Base */ = {isa = PBXFileReference; lastKnownFileType = file.storyboard; name = Base; path = Base.lproj/Main.storyboard; sourceTree = "<group>"; };
		99AC9A1F292368D4009CCE40 /* WeatherApp.xcdatamodel */ = {isa = PBXFileReference; lastKnownFileType = wrapper.xcdatamodel; path = WeatherApp.xcdatamodel; sourceTree = "<group>"; };
		99AC9A21292368D4009CCE40 /* Assets.xcassets */ = {isa = PBXFileReference; lastKnownFileType = folder.assetcatalog; path = Assets.xcassets; sourceTree = "<group>"; };
		99AC9A24292368D4009CCE40 /* Base */ = {isa = PBXFileReference; lastKnownFileType = file.storyboard; name = Base; path = Base.lproj/LaunchScreen.storyboard; sourceTree = "<group>"; };
		99AC9A26292368D4009CCE40 /* Info.plist */ = {isa = PBXFileReference; lastKnownFileType = text.plist.xml; path = Info.plist; sourceTree = "<group>"; };
		99AC9A3529238000009CCE40 /* CitiesListViewController.swift */ = {isa = PBXFileReference; lastKnownFileType = sourcecode.swift; path = CitiesListViewController.swift; sourceTree = "<group>"; };
		99C15A84292662E9006807B3 /* SeasonTab.swift */ = {isa = PBXFileReference; lastKnownFileType = sourcecode.swift; path = SeasonTab.swift; sourceTree = "<group>"; };
/* End PBXFileReference section */

/* Begin PBXFrameworksBuildPhase section */
		99AC9A0F292368D3009CCE40 /* Frameworks */ = {
			isa = PBXFrameworksBuildPhase;
			buildActionMask = 2147483647;
			files = (
			);
			runOnlyForDeploymentPostprocessing = 0;
		};
/* End PBXFrameworksBuildPhase section */

/* Begin PBXGroup section */
		9995429D2927BE8C00B0C000 /* CitiesList */ = {
			isa = PBXGroup;
			children = (
				99AC9A3529238000009CCE40 /* CitiesListViewController.swift */,
				9995429529275D9500B0C000 /* CitiesListVCExtension.swift */,
			);
			path = CitiesList;
			sourceTree = "<group>";
		};
		9995429F2927BEAB00B0C000 /* TabBar */ = {
			isa = PBXGroup;
			children = (
				999542972927839B00B0C000 /* TabBarController.swift */,
				99C15A84292662E9006807B3 /* SeasonTab.swift */,
			);
			path = TabBar;
			sourceTree = "<group>";
		};
		99A2283E292B9E4900638750 /* SettingsVC */ = {
			isa = PBXGroup;
			children = (
				9995429B2927BE6A00B0C000 /* CitySettingsVC.swift */,
				999542A02927BEEA00B0C000 /* CitySettingsVCExtension.swift */,
				999542A22927BF3300B0C000 /* CitySettingsCell.swift */,
			);
			path = SettingsVC;
			sourceTree = "<group>";
		};
		99AC9A09292368D3009CCE40 = {
			isa = PBXGroup;
			children = (
				99A0F0DA292BB3B60021D464 /* AddMenuVC.swift */,
				9995429F2927BEAB00B0C000 /* TabBar */,
				9995429D2927BE8C00B0C000 /* CitiesList */,
				99A2283E292B9E4900638750 /* SettingsVC */,
				99AC9A14292368D4009CCE40 /* WeatherApp */,
				99AC9A13292368D4009CCE40 /* Products */,
			);
			sourceTree = "<group>";
		};
		99AC9A13292368D4009CCE40 /* Products */ = {
			isa = PBXGroup;
			children = (
				99AC9A12292368D4009CCE40 /* WeatherApp.app */,
			);
			name = Products;
			sourceTree = "<group>";
		};
		99AC9A14292368D4009CCE40 /* WeatherApp */ = {
			isa = PBXGroup;
			children = (
				999542992927BE2000B0C000 /* Enums.swift */,
				99AC9A15292368D4009CCE40 /* AppDelegate.swift */,
				99AC9A17292368D4009CCE40 /* SceneDelegate.swift */,
				99AC9A1B292368D4009CCE40 /* Main.storyboard */,
				99AC9A21292368D4009CCE40 /* Assets.xcassets */,
				99AC9A23292368D4009CCE40 /* LaunchScreen.storyboard */,
				99AC9A26292368D4009CCE40 /* Info.plist */,
				99AC9A1E292368D4009CCE40 /* DataModel.xcdatamodeld */,
			);
			path = WeatherApp;
			sourceTree = "<group>";
		};
/* End PBXGroup section */

/* Begin PBXNativeTarget section */
		99AC9A11292368D3009CCE40 /* WeatherApp */ = {
			isa = PBXNativeTarget;
			buildConfigurationList = 99AC9A29292368D4009CCE40 /* Build configuration list for PBXNativeTarget "WeatherApp" */;
			buildPhases = (
				99AC9A0E292368D3009CCE40 /* Sources */,
				99AC9A0F292368D3009CCE40 /* Frameworks */,
				99AC9A10292368D3009CCE40 /* Resources */,
			);
			buildRules = (
			);
			dependencies = (
			);
			name = WeatherApp;
			productName = WeatherApp;
			productReference = 99AC9A12292368D4009CCE40 /* WeatherApp.app */;
			productType = "com.apple.product-type.application";
		};
/* End PBXNativeTarget section */

/* Begin PBXProject section */
		99AC9A0A292368D3009CCE40 /* Project object */ = {
			isa = PBXProject;
			attributes = {
				BuildIndependentTargetsInParallel = 1;
				LastSwiftUpdateCheck = 1400;
				LastUpgradeCheck = 1400;
				TargetAttributes = {
					99AC9A11292368D3009CCE40 = {
						CreatedOnToolsVersion = 14.0.1;
					};
				};
			};
			buildConfigurationList = 99AC9A0D292368D3009CCE40 /* Build configuration list for PBXProject "WeatherApp" */;
			compatibilityVersion = "Xcode 14.0";
			developmentRegion = en;
			hasScannedForEncodings = 0;
			knownRegions = (
				en,
				Base,
			);
			mainGroup = 99AC9A09292368D3009CCE40;
			productRefGroup = 99AC9A13292368D4009CCE40 /* Products */;
			projectDirPath = "";
			projectRoot = "";
			targets = (
				99AC9A11292368D3009CCE40 /* WeatherApp */,
			);
		};
/* End PBXProject section */

/* Begin PBXResourcesBuildPhase section */
		99AC9A10292368D3009CCE40 /* Resources */ = {
			isa = PBXResourcesBuildPhase;
			buildActionMask = 2147483647;
			files = (
				99AC9A25292368D4009CCE40 /* LaunchScreen.storyboard in Resources */,
				99AC9A22292368D4009CCE40 /* Assets.xcassets in Resources */,
				99AC9A1D292368D4009CCE40 /* Main.storyboard in Resources */,
			);
			runOnlyForDeploymentPostprocessing = 0;
		};
/* End PBXResourcesBuildPhase section */

/* Begin PBXSourcesBuildPhase section */
		99AC9A0E292368D3009CCE40 /* Sources */ = {
			isa = PBXSourcesBuildPhase;
			buildActionMask = 2147483647;
			files = (
				99C15A85292662E9006807B3 /* SeasonTab.swift in Sources */,
				99A0F0DB292BB3B60021D464 /* AddMenuVC.swift in Sources */,
				99AC9A20292368D4009CCE40 /* DataModel.xcdatamodeld in Sources */,
				9995429629275D9500B0C000 /* CitiesListVCExtension.swift in Sources */,
				999542A32927BF3300B0C000 /* CitySettingsCell.swift in Sources */,
				99AC9A16292368D4009CCE40 /* AppDelegate.swift in Sources */,
				999542A12927BEEA00B0C000 /* CitySettingsVCExtension.swift in Sources */,
				99AC9A3629238000009CCE40 /* CitiesListViewController.swift in Sources */,
				999542982927839B00B0C000 /* TabBarController.swift in Sources */,
				9995429A2927BE2000B0C000 /* Enums.swift in Sources */,
				99AC9A18292368D4009CCE40 /* SceneDelegate.swift in Sources */,
				9995429C2927BE6A00B0C000 /* CitySettingsVC.swift in Sources */,
			);
			runOnlyForDeploymentPostprocessing = 0;
		};
/* End PBXSourcesBuildPhase section */

/* Begin PBXVariantGroup section */
		99AC9A1B292368D4009CCE40 /* Main.storyboard */ = {
			isa = PBXVariantGroup;
			children = (
				99AC9A1C292368D4009CCE40 /* Base */,
			);
			name = Main.storyboard;
			sourceTree = "<group>";
		};
		99AC9A23292368D4009CCE40 /* LaunchScreen.storyboard */ = {
			isa = PBXVariantGroup;
			children = (
				99AC9A24292368D4009CCE40 /* Base */,
			);
			name = LaunchScreen.storyboard;
			sourceTree = "<group>";
		};
/* End PBXVariantGroup section */

/* Begin XCBuildConfiguration section */
		99AC9A27292368D4009CCE40 /* Debug */ = {
			isa = XCBuildConfiguration;
			buildSettings = {
				ALWAYS_SEARCH_USER_PATHS = NO;
				CLANG_ANALYZER_NONNULL = YES;
				CLANG_ANALYZER_NUMBER_OBJECT_CONVERSION = YES_AGGRESSIVE;
				CLANG_CXX_LANGUAGE_STANDARD = "gnu++20";
				CLANG_ENABLE_MODULES = YES;
				CLANG_ENABLE_OBJC_ARC = YES;
				CLANG_ENABLE_OBJC_WEAK = YES;
				CLANG_WARN_BLOCK_CAPTURE_AUTORELEASING = YES;
				CLANG_WARN_BOOL_CONVERSION = YES;
				CLANG_WARN_COMMA = YES;
				CLANG_WARN_CONSTANT_CONVERSION = YES;
				CLANG_WARN_DEPRECATED_OBJC_IMPLEMENTATIONS = YES;
				CLANG_WARN_DIRECT_OBJC_ISA_USAGE = YES_ERROR;
				CLANG_WARN_DOCUMENTATION_COMMENTS = YES;
				CLANG_WARN_EMPTY_BODY = YES;
				CLANG_WARN_ENUM_CONVERSION = YES;
				CLANG_WARN_INFINITE_RECURSION = YES;
				CLANG_WARN_INT_CONVERSION = YES;
				CLANG_WARN_NON_LITERAL_NULL_CONVERSION = YES;
				CLANG_WARN_OBJC_IMPLICIT_RETAIN_SELF = YES;
				CLANG_WARN_OBJC_LITERAL_CONVERSION = YES;
				CLANG_WARN_OBJC_ROOT_CLASS = YES_ERROR;
				CLANG_WARN_QUOTED_INCLUDE_IN_FRAMEWORK_HEADER = YES;
				CLANG_WARN_RANGE_LOOP_ANALYSIS = YES;
				CLANG_WARN_STRICT_PROTOTYPES = YES;
				CLANG_WARN_SUSPICIOUS_MOVE = YES;
				CLANG_WARN_UNGUARDED_AVAILABILITY = YES_AGGRESSIVE;
				CLANG_WARN_UNREACHABLE_CODE = YES;
				CLANG_WARN__DUPLICATE_METHOD_MATCH = YES;
				COPY_PHASE_STRIP = NO;
				DEBUG_INFORMATION_FORMAT = dwarf;
				ENABLE_STRICT_OBJC_MSGSEND = YES;
				ENABLE_TESTABILITY = YES;
				GCC_C_LANGUAGE_STANDARD = gnu11;
				GCC_DYNAMIC_NO_PIC = NO;
				GCC_NO_COMMON_BLOCKS = YES;
				GCC_OPTIMIZATION_LEVEL = 0;
				GCC_PREPROCESSOR_DEFINITIONS = (
					"DEBUG=1",
					"$(inherited)",
				);
				GCC_WARN_64_TO_32_BIT_CONVERSION = YES;
				GCC_WARN_ABOUT_RETURN_TYPE = YES_ERROR;
				GCC_WARN_UNDECLARED_SELECTOR = YES;
				GCC_WARN_UNINITIALIZED_AUTOS = YES_AGGRESSIVE;
				GCC_WARN_UNUSED_FUNCTION = YES;
				GCC_WARN_UNUSED_VARIABLE = YES;
				IPHONEOS_DEPLOYMENT_TARGET = 16.0;
				MTL_ENABLE_DEBUG_INFO = INCLUDE_SOURCE;
				MTL_FAST_MATH = YES;
				ONLY_ACTIVE_ARCH = YES;
				SDKROOT = iphoneos;
				SWIFT_ACTIVE_COMPILATION_CONDITIONS = DEBUG;
				SWIFT_OPTIMIZATION_LEVEL = "-Onone";
			};
			name = Debug;
		};
		99AC9A28292368D4009CCE40 /* Release */ = {
			isa = XCBuildConfiguration;
			buildSettings = {
				ALWAYS_SEARCH_USER_PATHS = NO;
				CLANG_ANALYZER_NONNULL = YES;
				CLANG_ANALYZER_NUMBER_OBJECT_CONVERSION = YES_AGGRESSIVE;
				CLANG_CXX_LANGUAGE_STANDARD = "gnu++20";
				CLANG_ENABLE_MODULES = YES;
				CLANG_ENABLE_OBJC_ARC = YES;
				CLANG_ENABLE_OBJC_WEAK = YES;
				CLANG_WARN_BLOCK_CAPTURE_AUTORELEASING = YES;
				CLANG_WARN_BOOL_CONVERSION = YES;
				CLANG_WARN_COMMA = YES;
				CLANG_WARN_CONSTANT_CONVERSION = YES;
				CLANG_WARN_DEPRECATED_OBJC_IMPLEMENTATIONS = YES;
				CLANG_WARN_DIRECT_OBJC_ISA_USAGE = YES_ERROR;
				CLANG_WARN_DOCUMENTATION_COMMENTS = YES;
				CLANG_WARN_EMPTY_BODY = YES;
				CLANG_WARN_ENUM_CONVERSION = YES;
				CLANG_WARN_INFINITE_RECURSION = YES;
				CLANG_WARN_INT_CONVERSION = YES;
				CLANG_WARN_NON_LITERAL_NULL_CONVERSION = YES;
				CLANG_WARN_OBJC_IMPLICIT_RETAIN_SELF = YES;
				CLANG_WARN_OBJC_LITERAL_CONVERSION = YES;
				CLANG_WARN_OBJC_ROOT_CLASS = YES_ERROR;
				CLANG_WARN_QUOTED_INCLUDE_IN_FRAMEWORK_HEADER = YES;
				CLANG_WARN_RANGE_LOOP_ANALYSIS = YES;
				CLANG_WARN_STRICT_PROTOTYPES = YES;
				CLANG_WARN_SUSPICIOUS_MOVE = YES;
				CLANG_WARN_UNGUARDED_AVAILABILITY = YES_AGGRESSIVE;
				CLANG_WARN_UNREACHABLE_CODE = YES;
				CLANG_WARN__DUPLICATE_METHOD_MATCH = YES;
				COPY_PHASE_STRIP = NO;
				DEBUG_INFORMATION_FORMAT = "dwarf-with-dsym";
				ENABLE_NS_ASSERTIONS = NO;
				ENABLE_STRICT_OBJC_MSGSEND = YES;
				GCC_C_LANGUAGE_STANDARD = gnu11;
				GCC_NO_COMMON_BLOCKS = YES;
				GCC_WARN_64_TO_32_BIT_CONVERSION = YES;
				GCC_WARN_ABOUT_RETURN_TYPE = YES_ERROR;
				GCC_WARN_UNDECLARED_SELECTOR = YES;
				GCC_WARN_UNINITIALIZED_AUTOS = YES_AGGRESSIVE;
				GCC_WARN_UNUSED_FUNCTION = YES;
				GCC_WARN_UNUSED_VARIABLE = YES;
				IPHONEOS_DEPLOYMENT_TARGET = 16.0;
				MTL_ENABLE_DEBUG_INFO = NO;
				MTL_FAST_MATH = YES;
				SDKROOT = iphoneos;
				SWIFT_COMPILATION_MODE = wholemodule;
				SWIFT_OPTIMIZATION_LEVEL = "-O";
				VALIDATE_PRODUCT = YES;
			};
			name = Release;
		};
		99AC9A2A292368D4009CCE40 /* Debug */ = {
			isa = XCBuildConfiguration;
			buildSettings = {
				ASSETCATALOG_COMPILER_APPICON_NAME = AppIcon;
				ASSETCATALOG_COMPILER_GLOBAL_ACCENT_COLOR_NAME = AccentColor;
				CODE_SIGN_STYLE = Automatic;
				CURRENT_PROJECT_VERSION = 1;
				DEVELOPMENT_TEAM = 7HH68T8GAD;
				GENERATE_INFOPLIST_FILE = YES;
				INFOPLIST_FILE = WeatherApp/Info.plist;
				INFOPLIST_KEY_UIApplicationSupportsIndirectInputEvents = YES;
				INFOPLIST_KEY_UILaunchStoryboardName = LaunchScreen;
				INFOPLIST_KEY_UIMainStoryboardFile = Main;
				INFOPLIST_KEY_UISupportedInterfaceOrientations_iPad = "UIInterfaceOrientationPortrait UIInterfaceOrientationPortraitUpsideDown UIInterfaceOrientationLandscapeLeft UIInterfaceOrientationLandscapeRight";
				INFOPLIST_KEY_UISupportedInterfaceOrientations_iPhone = "UIInterfaceOrientationPortrait UIInterfaceOrientationLandscapeLeft UIInterfaceOrientationLandscapeRight";
				LD_RUNPATH_SEARCH_PATHS = (
					"$(inherited)",
					"@executable_path/Frameworks",
				);
				MARKETING_VERSION = 1.0;
				PRODUCT_BUNDLE_IDENTIFIER = com.ashishkin.WeatherApp;
				PRODUCT_NAME = "$(TARGET_NAME)";
				SWIFT_EMIT_LOC_STRINGS = YES;
				SWIFT_VERSION = 5.0;
				TARGETED_DEVICE_FAMILY = "1,2";
			};
			name = Debug;
		};
		99AC9A2B292368D4009CCE40 /* Release */ = {
			isa = XCBuildConfiguration;
			buildSettings = {
				ASSETCATALOG_COMPILER_APPICON_NAME = AppIcon;
				ASSETCATALOG_COMPILER_GLOBAL_ACCENT_COLOR_NAME = AccentColor;
				CODE_SIGN_STYLE = Automatic;
				CURRENT_PROJECT_VERSION = 1;
				DEVELOPMENT_TEAM = 7HH68T8GAD;
				GENERATE_INFOPLIST_FILE = YES;
				INFOPLIST_FILE = WeatherApp/Info.plist;
				INFOPLIST_KEY_UIApplicationSupportsIndirectInputEvents = YES;
				INFOPLIST_KEY_UILaunchStoryboardName = LaunchScreen;
				INFOPLIST_KEY_UIMainStoryboardFile = Main;
				INFOPLIST_KEY_UISupportedInterfaceOrientations_iPad = "UIInterfaceOrientationPortrait UIInterfaceOrientationPortraitUpsideDown UIInterfaceOrientationLandscapeLeft UIInterfaceOrientationLandscapeRight";
				INFOPLIST_KEY_UISupportedInterfaceOrientations_iPhone = "UIInterfaceOrientationPortrait UIInterfaceOrientationLandscapeLeft UIInterfaceOrientationLandscapeRight";
				LD_RUNPATH_SEARCH_PATHS = (
					"$(inherited)",
					"@executable_path/Frameworks",
				);
				MARKETING_VERSION = 1.0;
				PRODUCT_BUNDLE_IDENTIFIER = com.ashishkin.WeatherApp;
				PRODUCT_NAME = "$(TARGET_NAME)";
				SWIFT_EMIT_LOC_STRINGS = YES;
				SWIFT_VERSION = 5.0;
				TARGETED_DEVICE_FAMILY = "1,2";
			};
			name = Release;
		};
/* End XCBuildConfiguration section */

/* Begin XCConfigurationList section */
		99AC9A0D292368D3009CCE40 /* Build configuration list for PBXProject "WeatherApp" */ = {
			isa = XCConfigurationList;
			buildConfigurations = (
				99AC9A27292368D4009CCE40 /* Debug */,
				99AC9A28292368D4009CCE40 /* Release */,
			);
			defaultConfigurationIsVisible = 0;
			defaultConfigurationName = Release;
		};
		99AC9A29292368D4009CCE40 /* Build configuration list for PBXNativeTarget "WeatherApp" */ = {
			isa = XCConfigurationList;
			buildConfigurations = (
				99AC9A2A292368D4009CCE40 /* Debug */,
				99AC9A2B292368D4009CCE40 /* Release */,
			);
			defaultConfigurationIsVisible = 0;
			defaultConfigurationName = Release;
		};
/* End XCConfigurationList section */

/* Begin XCVersionGroup section */
		99AC9A1E292368D4009CCE40 /* DataModel.xcdatamodeld */ = {
			isa = XCVersionGroup;
			children = (
				99AC9A1F292368D4009CCE40 /* WeatherApp.xcdatamodel */,
			);
			currentVersion = 99AC9A1F292368D4009CCE40 /* WeatherApp.xcdatamodel */;
			path = DataModel.xcdatamodeld;
			sourceTree = "<group>";
			versionGroupType = wrapper.xcdatamodel;
		};
/* End XCVersionGroup section */
	};
	rootObject = 99AC9A0A292368D3009CCE40 /* Project object */;
}
